
Microsoft Visual Studio Solution File, Format Version 12.00
# Visual Studio Version 17
VisualStudioVersion = 17.9.34728.123
MinimumVisualStudioVersion = 10.0.40219.1
Project("{9A19103F-16F7-4668-BE54-9A1E7A4F7556}") = "TRMDesktopUI", "TRMDesktopUI\TRMDesktopUI.csproj", "{6E0FA31A-D8F0-4017-B825-0CB96F95660B}"
EndProject
Project("{00D1A9C2-B5F0-4AF3-8072-F6C62B433612}") = "TRMData", "TRMData\TRMData.sqlproj", "{80B87864-1305-4F04-85E6-E23FF88FA3C0}"
EndProject
Project("{9A19103F-16F7-4668-BE54-9A1E7A4F7556}") = "TRMDataManager.Library", "TRMDataManager.Library\TRMDataManager.Library.csproj", "{97A9F132-3A3B-42C3-B581-CAC715C123BE}"
EndProject
Project("{9A19103F-16F7-4668-BE54-9A1E7A4F7556}") = "TRMDesktopUI.Library", "TRMDesktopUI.Library\TRMDesktopUI.Library.csproj", "{55606C9A-32ED-4284-AC63-73D7B234728D}"
EndProject
Project("{2150E333-8FDC-42A3-9474-1A3956D46DE8}") = "Database", "Database", "{B934B316-1606-41C4-A2E2-BAB6AF45535A}"
EndProject
Project("{2150E333-8FDC-42A3-9474-1A3956D46DE8}") = "API", "API", "{51C0F578-9198-4AFF-AFFB-C1FB1AF29B55}"
EndProject
Project("{2150E333-8FDC-42A3-9474-1A3956D46DE8}") = "WPF", "WPF", "{BCB77795-BAF9-4593-8A91-7C5505ABF3EC}"
EndProject
Project("{9A19103F-16F7-4668-BE54-9A1E7A4F7556}") = "TRMApi", "TRMApi\TRMApi.csproj", "{AC77CDFA-95FB-4FC8-B029-B0E281DF2210}"
EndProject
Project("{2150E333-8FDC-42A3-9474-1A3956D46DE8}") = "Solution Items", "Solution Items", "{7244B583-5797-462D-BA4C-DE8B9EB4979E}"
	ProjectSection(SolutionItems) = preProject
		Roadmap.txt = Roadmap.txt
	EndProjectSection
EndProject
Global
	GlobalSection(SolutionConfigurationPlatforms) = preSolution
		Debug|Any CPU = Debug|Any CPU
		Release|Any CPU = Release|Any CPU
	EndGlobalSection
	GlobalSection(ProjectConfigurationPlatforms) = postSolution
		{6E0FA31A-D8F0-4017-B825-0CB96F95660B}.Debug|Any CPU.ActiveCfg = Debug|Any CPU
		{6E0FA31A-D8F0-4017-B825-0CB96F95660B}.Debug|Any CPU.Build.0 = Debug|Any CPU
		{6E0FA31A-D8F0-4017-B825-0CB96F95660B}.Release|Any CPU.ActiveCfg = Release|Any CPU
		{6E0FA31A-D8F0-4017-B825-0CB96F95660B}.Release|Any CPU.Build.0 = Release|Any CPU
		{80B87864-1305-4F04-85E6-E23FF88FA3C0}.Debug|Any CPU.ActiveCfg = Debug|Any CPU
		{80B87864-1305-4F04-85E6-E23FF88FA3C0}.Debug|Any CPU.Build.0 = Debug|Any CPU
		{80B87864-1305-4F04-85E6-E23FF88FA3C0}.Debug|Any CPU.Deploy.0 = Debug|Any CPU
		{80B87864-1305-4F04-85E6-E23FF88FA3C0}.Release|Any CPU.ActiveCfg = Release|Any CPU
		{80B87864-1305-4F04-85E6-E23FF88FA3C0}.Release|Any CPU.Build.0 = Release|Any CPU
		{80B87864-1305-4F04-85E6-E23FF88FA3C0}.Release|Any CPU.Deploy.0 = Release|Any CPU
		{97A9F132-3A3B-42C3-B581-CAC715C123BE}.Debug|Any CPU.ActiveCfg = Debug|Any CPU
		{97A9F132-3A3B-42C3-B581-CAC715C123BE}.Debug|Any CPU.Build.0 = Debug|Any CPU
		{97A9F132-3A3B-42C3-B581-CAC715C123BE}.Release|Any CPU.ActiveCfg = Release|Any CPU
		{97A9F132-3A3B-42C3-B581-CAC715C123BE}.Release|Any CPU.Build.0 = Release|Any CPU
		{55606C9A-32ED-4284-AC63-73D7B234728D}.Debug|Any CPU.ActiveCfg = Debug|Any CPU
		{55606C9A-32ED-4284-AC63-73D7B234728D}.Debug|Any CPU.Build.0 = Debug|Any CPU
		{55606C9A-32ED-4284-AC63-73D7B234728D}.Release|Any CPU.ActiveCfg = Release|Any CPU
		{55606C9A-32ED-4284-AC63-73D7B234728D}.Release|Any CPU.Build.0 = Release|Any CPU
		{AC77CDFA-95FB-4FC8-B029-B0E281DF2210}.Debug|Any CPU.ActiveCfg = Debug|Any CPU
		{AC77CDFA-95FB-4FC8-B029-B0E281DF2210}.Debug|Any CPU.Build.0 = Debug|Any CPU
		{AC77CDFA-95FB-4FC8-B029-B0E281DF2210}.Release|Any CPU.ActiveCfg = Release|Any CPU
		{AC77CDFA-95FB-4FC8-B029-B0E281DF2210}.Release|Any CPU.Build.0 = Release|Any CPU
	EndGlobalSection
	GlobalSection(SolutionProperties) = preSolution
		HideSolutionNode = FALSE
	EndGlobalSection
	GlobalSection(NestedProjects) = preSolution
		{6E0FA31A-D8F0-4017-B825-0CB96F95660B} = {BCB77795-BAF9-4593-8A91-7C5505ABF3EC}
		{80B87864-1305-4F04-85E6-E23FF88FA3C0} = {B934B316-1606-41C4-A2E2-BAB6AF45535A}
		{97A9F132-3A3B-42C3-B581-CAC715C123BE} = {51C0F578-9198-4AFF-AFFB-C1FB1AF29B55}
		{55606C9A-32ED-4284-AC63-73D7B234728D} = {BCB77795-BAF9-4593-8A91-7C5505ABF3EC}
		{AC77CDFA-95FB-4FC8-B029-B0E281DF2210} = {51C0F578-9198-4AFF-AFFB-C1FB1AF29B55}
	EndGlobalSection
	GlobalSection(ExtensibilityGlobals) = postSolution
		SolutionGuid = {55466925-C088-4B51-9ECB-C672677983F4}
	EndGlobalSection
EndGlobal
